
Microsoft Visual Studio Solution File, Format Version 12.00
# Visual Studio 2013
VisualStudioVersion = 12.0.21005.1
MinimumVisualStudioVersion = 10.0.40219.1
Project("{FAE04EC0-301F-11D3-BF4B-00C04F79EFBC}") = "UPC.SISGFRAN.WS", "UPC.SISGFRAN.WS\UPC.SISGFRAN.WS.csproj", "{D14A4F81-C29E-40AA-9CC5-86E266D45E62}"
EndProject
Project("{2150E333-8FDC-42A3-9474-1A3956D46DE8}") = "Negocio", "Negocio", "{9A600092-B7E7-4815-859A-F33D0E393A18}"
EndProject
Project("{2150E333-8FDC-42A3-9474-1A3956D46DE8}") = "Web", "Web", "{361F8871-96D7-44C1-80B5-7010341A6364}"
EndProject
Project("{FAE04EC0-301F-11D3-BF4B-00C04F79EFBC}") = "UPC.SISGFRAN.Web", "UPC.SISGFRAN.Web\UPC.SISGFRAN.Web.csproj", "{D2EBFBEE-42EA-4503-82E1-D6497681CDAD}"
EndProject
Project("{2150E333-8FDC-42A3-9474-1A3956D46DE8}") = "Datos", "Datos", "{DA9ACFC0-C4F9-4075-B557-6314B0462A56}"
EndProject
Project("{2150E333-8FDC-42A3-9474-1A3956D46DE8}") = "Entidades", "Entidades", "{37418C02-4347-466D-ACDB-64174E798C22}"
EndProject
Project("{FAE04EC0-301F-11D3-BF4B-00C04F79EFBC}") = "UPC.SISGFRAN.EL", "UPC.SISGFRAN.EL\UPC.SISGFRAN.EL.csproj", "{26B1C8BD-EE9A-44B4-843E-EA3CC36B42F6}"
EndProject
Project("{FAE04EC0-301F-11D3-BF4B-00C04F79EFBC}") = "UPC.SISGFRAN.DAL", "UPC.SISGFRAN.DAL\UPC.SISGFRAN.DAL.csproj", "{0B88D783-882E-4B10-A92F-4A53EEBBA11F}"
EndProject
Project("{FAE04EC0-301F-11D3-BF4B-00C04F79EFBC}") = "UPC.SISGFRAN.BL", "UPC.SISGFRAN.BL\UPC.SISGFRAN.BL.csproj", "{A3178693-66BC-4E4C-89B8-E32235DD117C}"
EndProject
Project("{FAE04EC0-301F-11D3-BF4B-00C04F79EFBC}") = "DAAB", "DAAB\DAAB.csproj", "{423BA6B6-823E-48B5-A279-13D111C92FB7}"
EndProject
Global
	GlobalSection(SolutionConfigurationPlatforms) = preSolution
		Debug|Any CPU = Debug|Any CPU
		Release|Any CPU = Release|Any CPU
	EndGlobalSection
	GlobalSection(ProjectConfigurationPlatforms) = postSolution
		{D14A4F81-C29E-40AA-9CC5-86E266D45E62}.Debug|Any CPU.ActiveCfg = Debug|Any CPU
		{D14A4F81-C29E-40AA-9CC5-86E266D45E62}.Debug|Any CPU.Build.0 = Debug|Any CPU
		{D14A4F81-C29E-40AA-9CC5-86E266D45E62}.Release|Any CPU.ActiveCfg = Release|Any CPU
		{D14A4F81-C29E-40AA-9CC5-86E266D45E62}.Release|Any CPU.Build.0 = Release|Any CPU
		{D2EBFBEE-42EA-4503-82E1-D6497681CDAD}.Debug|Any CPU.ActiveCfg = Debug|Any CPU
		{D2EBFBEE-42EA-4503-82E1-D6497681CDAD}.Debug|Any CPU.Build.0 = Debug|Any CPU
		{D2EBFBEE-42EA-4503-82E1-D6497681CDAD}.Release|Any CPU.ActiveCfg = Release|Any CPU
		{D2EBFBEE-42EA-4503-82E1-D6497681CDAD}.Release|Any CPU.Build.0 = Release|Any CPU
		{26B1C8BD-EE9A-44B4-843E-EA3CC36B42F6}.Debug|Any CPU.ActiveCfg = Debug|Any CPU
		{26B1C8BD-EE9A-44B4-843E-EA3CC36B42F6}.Debug|Any CPU.Build.0 = Debug|Any CPU
		{26B1C8BD-EE9A-44B4-843E-EA3CC36B42F6}.Release|Any CPU.ActiveCfg = Release|Any CPU
		{26B1C8BD-EE9A-44B4-843E-EA3CC36B42F6}.Release|Any CPU.Build.0 = Release|Any CPU
		{0B88D783-882E-4B10-A92F-4A53EEBBA11F}.Debug|Any CPU.ActiveCfg = Debug|Any CPU
		{0B88D783-882E-4B10-A92F-4A53EEBBA11F}.Debug|Any CPU.Build.0 = Debug|Any CPU
		{0B88D783-882E-4B10-A92F-4A53EEBBA11F}.Release|Any CPU.ActiveCfg = Release|Any CPU
		{0B88D783-882E-4B10-A92F-4A53EEBBA11F}.Release|Any CPU.Build.0 = Release|Any CPU
		{A3178693-66BC-4E4C-89B8-E32235DD117C}.Debug|Any CPU.ActiveCfg = Debug|Any CPU
		{A3178693-66BC-4E4C-89B8-E32235DD117C}.Debug|Any CPU.Build.0 = Debug|Any CPU
		{A3178693-66BC-4E4C-89B8-E32235DD117C}.Release|Any CPU.ActiveCfg = Release|Any CPU
		{A3178693-66BC-4E4C-89B8-E32235DD117C}.Release|Any CPU.Build.0 = Release|Any CPU
		{423BA6B6-823E-48B5-A279-13D111C92FB7}.Debug|Any CPU.ActiveCfg = Debug|Any CPU
		{423BA6B6-823E-48B5-A279-13D111C92FB7}.Debug|Any CPU.Build.0 = Debug|Any CPU
		{423BA6B6-823E-48B5-A279-13D111C92FB7}.Release|Any CPU.ActiveCfg = Release|Any CPU
		{423BA6B6-823E-48B5-A279-13D111C92FB7}.Release|Any CPU.Build.0 = Release|Any CPU
	EndGlobalSection
	GlobalSection(SolutionProperties) = preSolution
		HideSolutionNode = FALSE
	EndGlobalSection
	GlobalSection(NestedProjects) = preSolution
		{D14A4F81-C29E-40AA-9CC5-86E266D45E62} = {9A600092-B7E7-4815-859A-F33D0E393A18}
		{A3178693-66BC-4E4C-89B8-E32235DD117C} = {9A600092-B7E7-4815-859A-F33D0E393A18}
		{D2EBFBEE-42EA-4503-82E1-D6497681CDAD} = {361F8871-96D7-44C1-80B5-7010341A6364}
		{0B88D783-882E-4B10-A92F-4A53EEBBA11F} = {DA9ACFC0-C4F9-4075-B557-6314B0462A56}
		{423BA6B6-823E-48B5-A279-13D111C92FB7} = {DA9ACFC0-C4F9-4075-B557-6314B0462A56}
		{26B1C8BD-EE9A-44B4-843E-EA3CC36B42F6} = {37418C02-4347-466D-ACDB-64174E798C22}
	EndGlobalSection
EndGlobal
